// !$*UTF8*$!
{
	archiveVersion = 1;
	classes = {
	};
	objectVersion = 55;
	objects = {

/* Begin PBXBuildFile section */
		6A01231C29707891006B8151 /* UICollectionViewCell+Extension.swift in Sources */ = {isa = PBXBuildFile; fileRef = 6A01231B29707891006B8151 /* UICollectionViewCell+Extension.swift */; };
		6A01232229707AC1006B8151 /* Section.swift in Sources */ = {isa = PBXBuildFile; fileRef = 6A01232129707AC1006B8151 /* Section.swift */; };
		6A01232429707C25006B8151 /* SectionHeader.swift in Sources */ = {isa = PBXBuildFile; fileRef = 6A01232329707C25006B8151 /* SectionHeader.swift */; };
		6A0123272970808B006B8151 /* RecomendedBooksCollectionViewCell.swift in Sources */ = {isa = PBXBuildFile; fileRef = 6A0123262970808B006B8151 /* RecomendedBooksCollectionViewCell.swift */; };
		6A012329297083CA006B8151 /* Protocols.swift in Sources */ = {isa = PBXBuildFile; fileRef = 6A012328297083CA006B8151 /* Protocols.swift */; };
		6A01232B29708447006B8151 /* Book.swift in Sources */ = {isa = PBXBuildFile; fileRef = 6A01232A29708447006B8151 /* Book.swift */; };
		6A01232E297085FA006B8151 /* BooksPresenter.swift in Sources */ = {isa = PBXBuildFile; fileRef = 6A01232D297085FA006B8151 /* BooksPresenter.swift */; };
		6A01233029708F23006B8151 /* RandomGenreCollectionViewCell.swift in Sources */ = {isa = PBXBuildFile; fileRef = 6A01232F29708F23006B8151 /* RandomGenreCollectionViewCell.swift */; };
		6A01233229708F89006B8151 /* RecentlyAddedBooksCollectionViewCell.swift in Sources */ = {isa = PBXBuildFile; fileRef = 6A01233129708F89006B8151 /* RecentlyAddedBooksCollectionViewCell.swift */; };
		6A0D545E296D6A9F0044F0E3 /* SignInViewController.swift in Sources */ = {isa = PBXBuildFile; fileRef = 6A0D545D296D6A9F0044F0E3 /* SignInViewController.swift */; };
		6A166DFA298566D0008634B6 /* Models.swift in Sources */ = {isa = PBXBuildFile; fileRef = 6A166DF9298566D0008634B6 /* Models.swift */; };
		6A16C30A2986A163006A914F /* FormatStrings.swift in Sources */ = {isa = PBXBuildFile; fileRef = 6A16C3092986A163006A914F /* FormatStrings.swift */; };
		6A16C30C2986A32F006A914F /* Validation.swift in Sources */ = {isa = PBXBuildFile; fileRef = 6A16C30B2986A32F006A914F /* Validation.swift */; };
		6A400D8F29E04017002513CA /* ChatProfileViewController.swift in Sources */ = {isa = PBXBuildFile; fileRef = 6A400D8E29E04017002513CA /* ChatProfileViewController.swift */; };
		6A519B8B29699EB60045FB6F /* LibraryViewController.swift in Sources */ = {isa = PBXBuildFile; fileRef = 6A519B8A29699EB60045FB6F /* LibraryViewController.swift */; };
		6A59048B296F1F7500FC3593 /* CollectionViewCell.swift in Sources */ = {isa = PBXBuildFile; fileRef = 6A59048A296F1F7500FC3593 /* CollectionViewCell.swift */; };
		6A5CD04D298443EF00980B90 /* GoogleService-Info.plist in Resources */ = {isa = PBXBuildFile; fileRef = 6A5CD04C298443EF00980B90 /* GoogleService-Info.plist */; };
		6A5EE6CA299166E400997904 /* Extension+AppDelegate.swift in Sources */ = {isa = PBXBuildFile; fileRef = 6A5EE6C9299166E400997904 /* Extension+AppDelegate.swift */; };
		6A681DA1299A841100507930 /* ApplicationsListViewController.swift in Sources */ = {isa = PBXBuildFile; fileRef = 6A681DA0299A841100507930 /* ApplicationsListViewController.swift */; };
		6A681DA3299A9A9D00507930 /* SendApplicationToBookstoreViewController.swift in Sources */ = {isa = PBXBuildFile; fileRef = 6A681DA2299A9A9D00507930 /* SendApplicationToBookstoreViewController.swift */; };
		6A681DA6299BEAAE00507930 /* ApplicationViewController.swift in Sources */ = {isa = PBXBuildFile; fileRef = 6A681DA5299BEAAD00507930 /* ApplicationViewController.swift */; };
		6A681DA8299CE35400507930 /* FirestoreManager.swift in Sources */ = {isa = PBXBuildFile; fileRef = 6A681DA7299CE35400507930 /* FirestoreManager.swift */; };
		6A6CE6732991005B00187555 /* SortByLocationViewController.swift in Sources */ = {isa = PBXBuildFile; fileRef = 6A6CE6722991005B00187555 /* SortByLocationViewController.swift */; };
		6A6CE675299119CC00187555 /* Extension+UIViewController.swift in Sources */ = {isa = PBXBuildFile; fileRef = 6A6CE674299119CC00187555 /* Extension+UIViewController.swift */; };
		6A6CE677299124B900187555 /* Extension+String.swift in Sources */ = {isa = PBXBuildFile; fileRef = 6A6CE676299124B900187555 /* Extension+String.swift */; };
		6A6CE6792991263400187555 /* FilterByPreferenceViewController.swift in Sources */ = {isa = PBXBuildFile; fileRef = 6A6CE6782991263400187555 /* FilterByPreferenceViewController.swift */; };
		6A7CAE252968758C00F16195 /* AppDelegate.swift in Sources */ = {isa = PBXBuildFile; fileRef = 6A7CAE242968758C00F16195 /* AppDelegate.swift */; };
		6A7CAE272968758C00F16195 /* SceneDelegate.swift in Sources */ = {isa = PBXBuildFile; fileRef = 6A7CAE262968758C00F16195 /* SceneDelegate.swift */; };
		6A7CAE292968758C00F16195 /* ViewController.swift in Sources */ = {isa = PBXBuildFile; fileRef = 6A7CAE282968758C00F16195 /* ViewController.swift */; };
		6A7CAE2C2968758C00F16195 /* Main.storyboard in Resources */ = {isa = PBXBuildFile; fileRef = 6A7CAE2A2968758C00F16195 /* Main.storyboard */; };
		6A7CAE2E2968758D00F16195 /* Assets.xcassets in Resources */ = {isa = PBXBuildFile; fileRef = 6A7CAE2D2968758D00F16195 /* Assets.xcassets */; };
		6A7CAE312968758D00F16195 /* LaunchScreen.storyboard in Resources */ = {isa = PBXBuildFile; fileRef = 6A7CAE2F2968758D00F16195 /* LaunchScreen.storyboard */; };
		6A80362529799C5C00FA8160 /* SetLibraryOwnerName.swift in Sources */ = {isa = PBXBuildFile; fileRef = 6A80362429799C5C00FA8160 /* SetLibraryOwnerName.swift */; };
		6A8036272979A29400FA8160 /* AddBookAdditionalInfoViewController.swift in Sources */ = {isa = PBXBuildFile; fileRef = 6A8036262979A29300FA8160 /* AddBookAdditionalInfoViewController.swift */; };
		6A8D6D2A297EFB7700E05D39 /* EditUserMainInfoViewController.swift in Sources */ = {isa = PBXBuildFile; fileRef = 6A8D6D29297EFB7700E05D39 /* EditUserMainInfoViewController.swift */; };
		6A93D742296DA9EA00EE2763 /* UserSignUpViewController.swift in Sources */ = {isa = PBXBuildFile; fileRef = 6A93D741296DA9EA00EE2763 /* UserSignUpViewController.swift */; };
		6A93D744296DB82800EE2763 /* LibrarySignUpViewController.swift in Sources */ = {isa = PBXBuildFile; fileRef = 6A93D743296DB82800EE2763 /* LibrarySignUpViewController.swift */; };
		6A93D746296DBD7700EE2763 /* Extension+UIApplication.swift in Sources */ = {isa = PBXBuildFile; fileRef = 6A93D745296DBD7700EE2763 /* Extension+UIApplication.swift */; };
		6A93D748296DBEC000EE2763 /* FavouritesViewController.swift in Sources */ = {isa = PBXBuildFile; fileRef = 6A93D747296DBEC000EE2763 /* FavouritesViewController.swift */; };
		6A93D74A296DC0D600EE2763 /* TypesOfBookSortingViewController.swift in Sources */ = {isa = PBXBuildFile; fileRef = 6A93D749296DC0D600EE2763 /* TypesOfBookSortingViewController.swift */; };
		6A97078A29687EC0001F8629 /* Extension+UIView.swift in Sources */ = {isa = PBXBuildFile; fileRef = 6A97078929687EC0001F8629 /* Extension+UIView.swift */; };
		6AA6BBFE29DD8DCB00849FC2 /* ChatsViewController.swift in Sources */ = {isa = PBXBuildFile; fileRef = 6AA6BBFD29DD8DCA00849FC2 /* ChatsViewController.swift */; };
		6AA6BC0129DD91E500849FC2 /* ConversationTableViewCell.swift in Sources */ = {isa = PBXBuildFile; fileRef = 6AA6BC0029DD91E500849FC2 /* ConversationTableViewCell.swift */; };
		6AA6BC0429DD921C00849FC2 /* StorageManager.swift in Sources */ = {isa = PBXBuildFile; fileRef = 6AA6BC0329DD921C00849FC2 /* StorageManager.swift */; };
		6AA6BC0629DD965700849FC2 /* FirebaseManager.swift in Sources */ = {isa = PBXBuildFile; fileRef = 6AA6BC0529DD965700849FC2 /* FirebaseManager.swift */; };
		6AA6BC0829DD99DD00849FC2 /* ChatViewController.swift in Sources */ = {isa = PBXBuildFile; fileRef = 6AA6BC0729DD99DD00849FC2 /* ChatViewController.swift */; };
		6AA6BC0A29DD9AA200849FC2 /* PhotoViewerViewController.swift in Sources */ = {isa = PBXBuildFile; fileRef = 6AA6BC0929DD9AA200849FC2 /* PhotoViewerViewController.swift */; };
		6AA6BC0C29DD9DC600849FC2 /* NewConversationViewController.swift in Sources */ = {isa = PBXBuildFile; fileRef = 6AA6BC0B29DD9DC600849FC2 /* NewConversationViewController.swift */; };
		6AA6BC0E29DD9E0500849FC2 /* NewConversationTableViewCell.swift in Sources */ = {isa = PBXBuildFile; fileRef = 6AA6BC0D29DD9E0500849FC2 /* NewConversationTableViewCell.swift */; };
		6AC0FDD62973000700ABDC5C /* UserProfileViewController.swift in Sources */ = {isa = PBXBuildFile; fileRef = 6AC0FDD52973000700ABDC5C /* UserProfileViewController.swift */; };
		6AC0FDDA297418CF00ABDC5C /* SortedBooksInfoViewController.swift in Sources */ = {isa = PBXBuildFile; fileRef = 6AC0FDD9297418CF00ABDC5C /* SortedBooksInfoViewController.swift */; };
		6AC0FDDC2974195800ABDC5C /* SortedBooksCollectionViewCell.swift in Sources */ = {isa = PBXBuildFile; fileRef = 6AC0FDDB2974195800ABDC5C /* SortedBooksCollectionViewCell.swift */; };
		6AC0FDDE29742DDD00ABDC5C /* BookInfoViewController.swift in Sources */ = {isa = PBXBuildFile; fileRef = 6AC0FDDD29742DDD00ABDC5C /* BookInfoViewController.swift */; };
		6AC0FDE229744BFB00ABDC5C /* EditLibraryInfoViewController.swift in Sources */ = {isa = PBXBuildFile; fileRef = 6AC0FDE129744BFB00ABDC5C /* EditLibraryInfoViewController.swift */; };
		6AC2C03029A0EF4D00CDE9BA /* NetworkMonitor.swift in Sources */ = {isa = PBXBuildFile; fileRef = 6AC2C02F29A0EF4D00CDE9BA /* NetworkMonitor.swift */; };
		6AD1C38129E055D7004C4468 /* Chat.storyboard in Resources */ = {isa = PBXBuildFile; fileRef = 6AD1C38029E055D7004C4468 /* Chat.storyboard */; };
		6AD58E952968B4F0000FF56F /* LibrariesViewController.swift in Sources */ = {isa = PBXBuildFile; fileRef = 6AD58E942968B4F0000FF56F /* LibrariesViewController.swift */; };
		6AEBA5082976E381003A2279 /* FilterByViewController.swift in Sources */ = {isa = PBXBuildFile; fileRef = 6AEBA5072976E380003A2279 /* FilterByViewController.swift */; };
		6AF6ADA72976D9E000F85C53 /* AddBookViewController.swift in Sources */ = {isa = PBXBuildFile; fileRef = 6AF6ADA62976D9E000F85C53 /* AddBookViewController.swift */; };
		6F1B6345A7BFD9AE827E194F /* Pods_OnlineLibrary.framework in Frameworks */ = {isa = PBXBuildFile; fileRef = 4270319E3660A3A4ACC37060 /* Pods_OnlineLibrary.framework */; };
/* End PBXBuildFile section */

/* Begin PBXFileReference section */
		231DC775932B2BDA1823E335 /* Pods-OnlineLibrary.release.xcconfig */ = {isa = PBXFileReference; includeInIndex = 1; lastKnownFileType = text.xcconfig; name = "Pods-OnlineLibrary.release.xcconfig"; path = "Target Support Files/Pods-OnlineLibrary/Pods-OnlineLibrary.release.xcconfig"; sourceTree = "<group>"; };
		4270319E3660A3A4ACC37060 /* Pods_OnlineLibrary.framework */ = {isa = PBXFileReference; explicitFileType = wrapper.framework; includeInIndex = 0; path = Pods_OnlineLibrary.framework; sourceTree = BUILT_PRODUCTS_DIR; };
		6A01231B29707891006B8151 /* UICollectionViewCell+Extension.swift */ = {isa = PBXFileReference; lastKnownFileType = sourcecode.swift; path = "UICollectionViewCell+Extension.swift"; sourceTree = "<group>"; };
		6A01232129707AC1006B8151 /* Section.swift */ = {isa = PBXFileReference; lastKnownFileType = sourcecode.swift; path = Section.swift; sourceTree = "<group>"; };
		6A01232329707C25006B8151 /* SectionHeader.swift */ = {isa = PBXFileReference; lastKnownFileType = sourcecode.swift; path = SectionHeader.swift; sourceTree = "<group>"; };
		6A0123262970808B006B8151 /* RecomendedBooksCollectionViewCell.swift */ = {isa = PBXFileReference; lastKnownFileType = sourcecode.swift; path = RecomendedBooksCollectionViewCell.swift; sourceTree = "<group>"; };
		6A012328297083CA006B8151 /* Protocols.swift */ = {isa = PBXFileReference; lastKnownFileType = sourcecode.swift; path = Protocols.swift; sourceTree = "<group>"; };
		6A01232A29708447006B8151 /* Book.swift */ = {isa = PBXFileReference; lastKnownFileType = sourcecode.swift; path = Book.swift; sourceTree = "<group>"; };
		6A01232D297085FA006B8151 /* BooksPresenter.swift */ = {isa = PBXFileReference; lastKnownFileType = sourcecode.swift; path = BooksPresenter.swift; sourceTree = "<group>"; };
		6A01232F29708F23006B8151 /* RandomGenreCollectionViewCell.swift */ = {isa = PBXFileReference; lastKnownFileType = sourcecode.swift; path = RandomGenreCollectionViewCell.swift; sourceTree = "<group>"; };
		6A01233129708F89006B8151 /* RecentlyAddedBooksCollectionViewCell.swift */ = {isa = PBXFileReference; lastKnownFileType = sourcecode.swift; path = RecentlyAddedBooksCollectionViewCell.swift; sourceTree = "<group>"; };
		6A0D545D296D6A9F0044F0E3 /* SignInViewController.swift */ = {isa = PBXFileReference; lastKnownFileType = sourcecode.swift; path = SignInViewController.swift; sourceTree = "<group>"; };
		6A166DF9298566D0008634B6 /* Models.swift */ = {isa = PBXFileReference; lastKnownFileType = sourcecode.swift; path = Models.swift; sourceTree = "<group>"; };
		6A16C3092986A163006A914F /* FormatStrings.swift */ = {isa = PBXFileReference; lastKnownFileType = sourcecode.swift; path = FormatStrings.swift; sourceTree = "<group>"; };
		6A16C30B2986A32F006A914F /* Validation.swift */ = {isa = PBXFileReference; lastKnownFileType = sourcecode.swift; path = Validation.swift; sourceTree = "<group>"; };
		6A400D8E29E04017002513CA /* ChatProfileViewController.swift */ = {isa = PBXFileReference; lastKnownFileType = sourcecode.swift; path = ChatProfileViewController.swift; sourceTree = "<group>"; };
		6A519B8A29699EB60045FB6F /* LibraryViewController.swift */ = {isa = PBXFileReference; lastKnownFileType = sourcecode.swift; path = LibraryViewController.swift; sourceTree = "<group>"; };
		6A59048A296F1F7500FC3593 /* CollectionViewCell.swift */ = {isa = PBXFileReference; lastKnownFileType = sourcecode.swift; path = CollectionViewCell.swift; sourceTree = "<group>"; };
		6A5CD04C298443EF00980B90 /* GoogleService-Info.plist */ = {isa = PBXFileReference; fileEncoding = 4; lastKnownFileType = text.plist.xml; path = "GoogleService-Info.plist"; sourceTree = "<group>"; };
		6A5EE6C9299166E400997904 /* Extension+AppDelegate.swift */ = {isa = PBXFileReference; lastKnownFileType = sourcecode.swift; path = "Extension+AppDelegate.swift"; sourceTree = "<group>"; };
		6A681DA0299A841100507930 /* ApplicationsListViewController.swift */ = {isa = PBXFileReference; lastKnownFileType = sourcecode.swift; path = ApplicationsListViewController.swift; sourceTree = "<group>"; };
		6A681DA2299A9A9D00507930 /* SendApplicationToBookstoreViewController.swift */ = {isa = PBXFileReference; lastKnownFileType = sourcecode.swift; path = SendApplicationToBookstoreViewController.swift; sourceTree = "<group>"; };
		6A681DA5299BEAAD00507930 /* ApplicationViewController.swift */ = {isa = PBXFileReference; lastKnownFileType = sourcecode.swift; path = ApplicationViewController.swift; sourceTree = "<group>"; };
		6A681DA7299CE35400507930 /* FirestoreManager.swift */ = {isa = PBXFileReference; lastKnownFileType = sourcecode.swift; path = FirestoreManager.swift; sourceTree = "<group>"; };
		6A6CE6722991005B00187555 /* SortByLocationViewController.swift */ = {isa = PBXFileReference; lastKnownFileType = sourcecode.swift; path = SortByLocationViewController.swift; sourceTree = "<group>"; };
		6A6CE674299119CC00187555 /* Extension+UIViewController.swift */ = {isa = PBXFileReference; lastKnownFileType = sourcecode.swift; path = "Extension+UIViewController.swift"; sourceTree = "<group>"; };
		6A6CE676299124B900187555 /* Extension+String.swift */ = {isa = PBXFileReference; lastKnownFileType = sourcecode.swift; path = "Extension+String.swift"; sourceTree = "<group>"; };
		6A6CE6782991263400187555 /* FilterByPreferenceViewController.swift */ = {isa = PBXFileReference; lastKnownFileType = sourcecode.swift; path = FilterByPreferenceViewController.swift; sourceTree = "<group>"; };
		6A7CAE212968758C00F16195 /* OnlineLibrary.app */ = {isa = PBXFileReference; explicitFileType = wrapper.application; includeInIndex = 0; path = OnlineLibrary.app; sourceTree = BUILT_PRODUCTS_DIR; };
		6A7CAE242968758C00F16195 /* AppDelegate.swift */ = {isa = PBXFileReference; lastKnownFileType = sourcecode.swift; path = AppDelegate.swift; sourceTree = "<group>"; };
		6A7CAE262968758C00F16195 /* SceneDelegate.swift */ = {isa = PBXFileReference; lastKnownFileType = sourcecode.swift; path = SceneDelegate.swift; sourceTree = "<group>"; };
		6A7CAE282968758C00F16195 /* ViewController.swift */ = {isa = PBXFileReference; lastKnownFileType = sourcecode.swift; path = ViewController.swift; sourceTree = "<group>"; };
		6A7CAE2B2968758C00F16195 /* Base */ = {isa = PBXFileReference; lastKnownFileType = file.storyboard; name = Base; path = Base.lproj/Main.storyboard; sourceTree = "<group>"; };
		6A7CAE2D2968758D00F16195 /* Assets.xcassets */ = {isa = PBXFileReference; lastKnownFileType = folder.assetcatalog; path = Assets.xcassets; sourceTree = "<group>"; };
		6A7CAE302968758D00F16195 /* Base */ = {isa = PBXFileReference; lastKnownFileType = file.storyboard; name = Base; path = Base.lproj/LaunchScreen.storyboard; sourceTree = "<group>"; };
		6A7CAE322968758D00F16195 /* Info.plist */ = {isa = PBXFileReference; lastKnownFileType = text.plist.xml; path = Info.plist; sourceTree = "<group>"; };
		6A80362429799C5C00FA8160 /* SetLibraryOwnerName.swift */ = {isa = PBXFileReference; lastKnownFileType = sourcecode.swift; path = SetLibraryOwnerName.swift; sourceTree = "<group>"; };
		6A8036262979A29300FA8160 /* AddBookAdditionalInfoViewController.swift */ = {isa = PBXFileReference; lastKnownFileType = sourcecode.swift; path = AddBookAdditionalInfoViewController.swift; sourceTree = "<group>"; };
		6A8D6D29297EFB7700E05D39 /* EditUserMainInfoViewController.swift */ = {isa = PBXFileReference; lastKnownFileType = sourcecode.swift; path = EditUserMainInfoViewController.swift; sourceTree = "<group>"; };
		6A93D741296DA9EA00EE2763 /* UserSignUpViewController.swift */ = {isa = PBXFileReference; lastKnownFileType = sourcecode.swift; path = UserSignUpViewController.swift; sourceTree = "<group>"; };
		6A93D743296DB82800EE2763 /* LibrarySignUpViewController.swift */ = {isa = PBXFileReference; lastKnownFileType = sourcecode.swift; path = LibrarySignUpViewController.swift; sourceTree = "<group>"; };
		6A93D745296DBD7700EE2763 /* Extension+UIApplication.swift */ = {isa = PBXFileReference; lastKnownFileType = sourcecode.swift; path = "Extension+UIApplication.swift"; sourceTree = "<group>"; };
		6A93D747296DBEC000EE2763 /* FavouritesViewController.swift */ = {isa = PBXFileReference; lastKnownFileType = sourcecode.swift; path = FavouritesViewController.swift; sourceTree = "<group>"; };
		6A93D749296DC0D600EE2763 /* TypesOfBookSortingViewController.swift */ = {isa = PBXFileReference; lastKnownFileType = sourcecode.swift; path = TypesOfBookSortingViewController.swift; sourceTree = "<group>"; };
		6A97078929687EC0001F8629 /* Extension+UIView.swift */ = {isa = PBXFileReference; lastKnownFileType = sourcecode.swift; path = "Extension+UIView.swift"; sourceTree = "<group>"; };
		6AA6BBFD29DD8DCA00849FC2 /* ChatsViewController.swift */ = {isa = PBXFileReference; fileEncoding = 4; lastKnownFileType = sourcecode.swift; path = ChatsViewController.swift; sourceTree = "<group>"; };
		6AA6BC0029DD91E500849FC2 /* ConversationTableViewCell.swift */ = {isa = PBXFileReference; lastKnownFileType = sourcecode.swift; path = ConversationTableViewCell.swift; sourceTree = "<group>"; };
		6AA6BC0329DD921C00849FC2 /* StorageManager.swift */ = {isa = PBXFileReference; lastKnownFileType = sourcecode.swift; path = StorageManager.swift; sourceTree = "<group>"; };
		6AA6BC0529DD965700849FC2 /* FirebaseManager.swift */ = {isa = PBXFileReference; lastKnownFileType = sourcecode.swift; path = FirebaseManager.swift; sourceTree = "<group>"; };
		6AA6BC0729DD99DD00849FC2 /* ChatViewController.swift */ = {isa = PBXFileReference; lastKnownFileType = sourcecode.swift; path = ChatViewController.swift; sourceTree = "<group>"; };
		6AA6BC0929DD9AA200849FC2 /* PhotoViewerViewController.swift */ = {isa = PBXFileReference; lastKnownFileType = sourcecode.swift; path = PhotoViewerViewController.swift; sourceTree = "<group>"; };
		6AA6BC0B29DD9DC600849FC2 /* NewConversationViewController.swift */ = {isa = PBXFileReference; lastKnownFileType = sourcecode.swift; path = NewConversationViewController.swift; sourceTree = "<group>"; };
		6AA6BC0D29DD9E0500849FC2 /* NewConversationTableViewCell.swift */ = {isa = PBXFileReference; lastKnownFileType = sourcecode.swift; path = NewConversationTableViewCell.swift; sourceTree = "<group>"; };
		6AC0FDD52973000700ABDC5C /* UserProfileViewController.swift */ = {isa = PBXFileReference; lastKnownFileType = sourcecode.swift; path = UserProfileViewController.swift; sourceTree = "<group>"; };
		6AC0FDD9297418CF00ABDC5C /* SortedBooksInfoViewController.swift */ = {isa = PBXFileReference; lastKnownFileType = sourcecode.swift; path = SortedBooksInfoViewController.swift; sourceTree = "<group>"; };
		6AC0FDDB2974195800ABDC5C /* SortedBooksCollectionViewCell.swift */ = {isa = PBXFileReference; lastKnownFileType = sourcecode.swift; path = SortedBooksCollectionViewCell.swift; sourceTree = "<group>"; };
		6AC0FDDD29742DDD00ABDC5C /* BookInfoViewController.swift */ = {isa = PBXFileReference; lastKnownFileType = sourcecode.swift; path = BookInfoViewController.swift; sourceTree = "<group>"; };
		6AC0FDE129744BFB00ABDC5C /* EditLibraryInfoViewController.swift */ = {isa = PBXFileReference; lastKnownFileType = sourcecode.swift; path = EditLibraryInfoViewController.swift; sourceTree = "<group>"; };
		6AC2C02F29A0EF4D00CDE9BA /* NetworkMonitor.swift */ = {isa = PBXFileReference; lastKnownFileType = sourcecode.swift; path = NetworkMonitor.swift; sourceTree = "<group>"; };
		6AD1C38029E055D7004C4468 /* Chat.storyboard */ = {isa = PBXFileReference; lastKnownFileType = file.storyboard; path = Chat.storyboard; sourceTree = "<group>"; };
		6AD58E942968B4F0000FF56F /* LibrariesViewController.swift */ = {isa = PBXFileReference; lastKnownFileType = sourcecode.swift; path = LibrariesViewController.swift; sourceTree = "<group>"; };
		6AEBA5072976E380003A2279 /* FilterByViewController.swift */ = {isa = PBXFileReference; lastKnownFileType = sourcecode.swift; path = FilterByViewController.swift; sourceTree = "<group>"; };
		6AF6ADA62976D9E000F85C53 /* AddBookViewController.swift */ = {isa = PBXFileReference; lastKnownFileType = sourcecode.swift; path = AddBookViewController.swift; sourceTree = "<group>"; };
		6DA9C3EE0474946B07221CAB /* Pods-OnlineLibrary.debug.xcconfig */ = {isa = PBXFileReference; includeInIndex = 1; lastKnownFileType = text.xcconfig; name = "Pods-OnlineLibrary.debug.xcconfig"; path = "Target Support Files/Pods-OnlineLibrary/Pods-OnlineLibrary.debug.xcconfig"; sourceTree = "<group>"; };
/* End PBXFileReference section */

/* Begin PBXFrameworksBuildPhase section */
		6A7CAE1E2968758C00F16195 /* Frameworks */ = {
			isa = PBXFrameworksBuildPhase;
			buildActionMask = 2147483647;
			files = (
				6F1B6345A7BFD9AE827E194F /* Pods_OnlineLibrary.framework in Frameworks */,
			);
			runOnlyForDeploymentPostprocessing = 0;
		};
/* End PBXFrameworksBuildPhase section */

/* Begin PBXGroup section */
		459DC83E320CD10D224F828B /* Pods */ = {
			isa = PBXGroup;
			children = (
				6DA9C3EE0474946B07221CAB /* Pods-OnlineLibrary.debug.xcconfig */,
				231DC775932B2BDA1823E335 /* Pods-OnlineLibrary.release.xcconfig */,
			);
			path = Pods;
			sourceTree = "<group>";
		};
		6A01231629704869006B8151 /* LibraryTabBar */ = {
			isa = PBXGroup;
			children = (
				6A01231D297078C1006B8151 /* FavouritesViewController */,
				6A519B8A29699EB60045FB6F /* LibraryViewController.swift */,
				6A681DA0299A841100507930 /* ApplicationsListViewController.swift */,
				6AC0FDE129744BFB00ABDC5C /* EditLibraryInfoViewController.swift */,
				6A80362429799C5C00FA8160 /* SetLibraryOwnerName.swift */,
				6A93D749296DC0D600EE2763 /* TypesOfBookSortingViewController.swift */,
				6AC0FDD9297418CF00ABDC5C /* SortedBooksInfoViewController.swift */,
				6AC0FDDD29742DDD00ABDC5C /* BookInfoViewController.swift */,
				6AF6ADA62976D9E000F85C53 /* AddBookViewController.swift */,
				6AC0FDDB2974195800ABDC5C /* SortedBooksCollectionViewCell.swift */,
				6A8036262979A29300FA8160 /* AddBookAdditionalInfoViewController.swift */,
			);
			path = LibraryTabBar;
			sourceTree = "<group>";
		};
		6A01231729704899006B8151 /* SignInSignUp */ = {
			isa = PBXGroup;
			children = (
				6A0D545D296D6A9F0044F0E3 /* SignInViewController.swift */,
				6A93D741296DA9EA00EE2763 /* UserSignUpViewController.swift */,
				6A93D743296DB82800EE2763 /* LibrarySignUpViewController.swift */,
			);
			path = SignInSignUp;
			sourceTree = "<group>";
		};
		6A012318297048C8006B8151 /* Extensions */ = {
			isa = PBXGroup;
			children = (
				6A5EE6C9299166E400997904 /* Extension+AppDelegate.swift */,
				6A6CE676299124B900187555 /* Extension+String.swift */,
				6A6CE674299119CC00187555 /* Extension+UIViewController.swift */,
				6A59048A296F1F7500FC3593 /* CollectionViewCell.swift */,
				6A01231B29707891006B8151 /* UICollectionViewCell+Extension.swift */,
				6A97078929687EC0001F8629 /* Extension+UIView.swift */,
				6A93D745296DBD7700EE2763 /* Extension+UIApplication.swift */,
			);
			path = Extensions;
			sourceTree = "<group>";
		};
		6A01231D297078C1006B8151 /* FavouritesViewController */ = {
			isa = PBXGroup;
			children = (
				6A01232C29708528006B8151 /* Cells */,
				6A01232529707C3B006B8151 /* SupplementaryViews */,
				6A01231E29707A2B006B8151 /* Models */,
				6A012328297083CA006B8151 /* Protocols.swift */,
				6A01232D297085FA006B8151 /* BooksPresenter.swift */,
				6A93D747296DBEC000EE2763 /* FavouritesViewController.swift */,
			);
			path = FavouritesViewController;
			sourceTree = "<group>";
		};
		6A01231E29707A2B006B8151 /* Models */ = {
			isa = PBXGroup;
			children = (
				6A01232A29708447006B8151 /* Book.swift */,
				6A01232129707AC1006B8151 /* Section.swift */,
			);
			path = Models;
			sourceTree = "<group>";
		};
		6A01232529707C3B006B8151 /* SupplementaryViews */ = {
			isa = PBXGroup;
			children = (
				6A01232329707C25006B8151 /* SectionHeader.swift */,
			);
			path = SupplementaryViews;
			sourceTree = "<group>";
		};
		6A01232C29708528006B8151 /* Cells */ = {
			isa = PBXGroup;
			children = (
				6A0123262970808B006B8151 /* RecomendedBooksCollectionViewCell.swift */,
				6A01232F29708F23006B8151 /* RandomGenreCollectionViewCell.swift */,
				6A01233129708F89006B8151 /* RecentlyAddedBooksCollectionViewCell.swift */,
			);
			path = Cells;
			sourceTree = "<group>";
		};
		6A7CAE182968758C00F16195 = {
			isa = PBXGroup;
			children = (
				6AC2C02F29A0EF4D00CDE9BA /* NetworkMonitor.swift */,
				6A7CAE232968758C00F16195 /* OnlineLibrary */,
				6A7CAE222968758C00F16195 /* Products */,
				459DC83E320CD10D224F828B /* Pods */,
				F58F81A3670B4C6A79B85647 /* Frameworks */,
			);
			sourceTree = "<group>";
		};
		6A7CAE222968758C00F16195 /* Products */ = {
			isa = PBXGroup;
			children = (
				6A7CAE212968758C00F16195 /* OnlineLibrary.app */,
			);
			name = Products;
			sourceTree = "<group>";
		};
		6A7CAE232968758C00F16195 /* OnlineLibrary */ = {
			isa = PBXGroup;
			children = (
				6AA6BC0229DD920D00849FC2 /* Managers */,
				6A012318297048C8006B8151 /* Extensions */,
				6AA6BBF729DC691400849FC2 /* ViewControllers */,
				6A7CAE242968758C00F16195 /* AppDelegate.swift */,
				6A7CAE262968758C00F16195 /* SceneDelegate.swift */,
				6A16C3092986A163006A914F /* FormatStrings.swift */,
				6A16C30B2986A32F006A914F /* Validation.swift */,
				6A166DF9298566D0008634B6 /* Models.swift */,
				6A7CAE2A2968758C00F16195 /* Main.storyboard */,
				6AD1C38029E055D7004C4468 /* Chat.storyboard */,
				6A5CD04C298443EF00980B90 /* GoogleService-Info.plist */,
				6A7CAE2D2968758D00F16195 /* Assets.xcassets */,
				6A7CAE2F2968758D00F16195 /* LaunchScreen.storyboard */,
				6A7CAE322968758D00F16195 /* Info.plist */,
			);
			path = OnlineLibrary;
			sourceTree = "<group>";
		};
		6AA6BBF729DC691400849FC2 /* ViewControllers */ = {
			isa = PBXGroup;
			children = (
				6A01231629704869006B8151 /* LibraryTabBar */,
				6AA6BBF829DC695C00849FC2 /* Client */,
				6A01231729704899006B8151 /* SignInSignUp */,
				6AA6BBFF29DD91BC00849FC2 /* Chat */,
				6A7CAE282968758C00F16195 /* ViewController.swift */,
				6A681DA5299BEAAD00507930 /* ApplicationViewController.swift */,
				6AA6BC0929DD9AA200849FC2 /* PhotoViewerViewController.swift */,
			);
			path = ViewControllers;
			sourceTree = "<group>";
		};
		6AA6BBF829DC695C00849FC2 /* Client */ = {
			isa = PBXGroup;
			children = (
				6A681DA2299A9A9D00507930 /* SendApplicationToBookstoreViewController.swift */,
				6AD58E942968B4F0000FF56F /* LibrariesViewController.swift */,
				6A6CE6782991263400187555 /* FilterByPreferenceViewController.swift */,
				6A6CE6722991005B00187555 /* SortByLocationViewController.swift */,
				6AEBA5072976E380003A2279 /* FilterByViewController.swift */,
				6AC0FDD52973000700ABDC5C /* UserProfileViewController.swift */,
				6A8D6D29297EFB7700E05D39 /* EditUserMainInfoViewController.swift */,
			);
			path = Client;
			sourceTree = "<group>";
		};
		6AA6BBFF29DD91BC00849FC2 /* Chat */ = {
			isa = PBXGroup;
			children = (
				6AA6BBFD29DD8DCA00849FC2 /* ChatsViewController.swift */,
				6AA6BC0029DD91E500849FC2 /* ConversationTableViewCell.swift */,
				6AA6BC0729DD99DD00849FC2 /* ChatViewController.swift */,
				6AA6BC0B29DD9DC600849FC2 /* NewConversationViewController.swift */,
				6AA6BC0D29DD9E0500849FC2 /* NewConversationTableViewCell.swift */,
				6A400D8E29E04017002513CA /* ChatProfileViewController.swift */,
			);
			path = Chat;
			sourceTree = "<group>";
		};
		6AA6BC0229DD920D00849FC2 /* Managers */ = {
			isa = PBXGroup;
			children = (
				6A681DA7299CE35400507930 /* FirestoreManager.swift */,
				6AA6BC0329DD921C00849FC2 /* StorageManager.swift */,
				6AA6BC0529DD965700849FC2 /* FirebaseManager.swift */,
			);
			path = Managers;
			sourceTree = "<group>";
		};
		F58F81A3670B4C6A79B85647 /* Frameworks */ = {
			isa = PBXGroup;
			children = (
				4270319E3660A3A4ACC37060 /* Pods_OnlineLibrary.framework */,
			);
			name = Frameworks;
			sourceTree = "<group>";
		};
/* End PBXGroup section */

/* Begin PBXNativeTarget section */
		6A7CAE202968758C00F16195 /* OnlineLibrary */ = {
			isa = PBXNativeTarget;
			buildConfigurationList = 6A7CAE352968758D00F16195 /* Build configuration list for PBXNativeTarget "OnlineLibrary" */;
			buildPhases = (
				6B2A17328145408012109485 /* [CP] Check Pods Manifest.lock */,
				6A7CAE1D2968758C00F16195 /* Sources */,
				6A7CAE1E2968758C00F16195 /* Frameworks */,
				6A7CAE1F2968758C00F16195 /* Resources */,
				72F1051EFEDBD85CC9044342 /* [CP] Embed Pods Frameworks */,
			);
			buildRules = (
			);
			dependencies = (
			);
			name = OnlineLibrary;
			productName = OnlineLibrary;
			productReference = 6A7CAE212968758C00F16195 /* OnlineLibrary.app */;
			productType = "com.apple.product-type.application";
		};
/* End PBXNativeTarget section */

/* Begin PBXProject section */
		6A7CAE192968758C00F16195 /* Project object */ = {
			isa = PBXProject;
			attributes = {
				BuildIndependentTargetsInParallel = 1;
				LastSwiftUpdateCheck = 1310;
				LastUpgradeCheck = 1310;
				TargetAttributes = {
					6A7CAE202968758C00F16195 = {
						CreatedOnToolsVersion = 13.1;
					};
				};
			};
			buildConfigurationList = 6A7CAE1C2968758C00F16195 /* Build configuration list for PBXProject "OnlineLibrary" */;
			compatibilityVersion = "Xcode 13.0";
			developmentRegion = en;
			hasScannedForEncodings = 0;
			knownRegions = (
				en,
				Base,
			);
			mainGroup = 6A7CAE182968758C00F16195;
			productRefGroup = 6A7CAE222968758C00F16195 /* Products */;
			projectDirPath = "";
			projectRoot = "";
			targets = (
				6A7CAE202968758C00F16195 /* OnlineLibrary */,
			);
		};
/* End PBXProject section */

/* Begin PBXResourcesBuildPhase section */
		6A7CAE1F2968758C00F16195 /* Resources */ = {
			isa = PBXResourcesBuildPhase;
			buildActionMask = 2147483647;
			files = (
				6A7CAE312968758D00F16195 /* LaunchScreen.storyboard in Resources */,
				6A5CD04D298443EF00980B90 /* GoogleService-Info.plist in Resources */,
				6A7CAE2E2968758D00F16195 /* Assets.xcassets in Resources */,
				6AD1C38129E055D7004C4468 /* Chat.storyboard in Resources */,
				6A7CAE2C2968758C00F16195 /* Main.storyboard in Resources */,
			);
			runOnlyForDeploymentPostprocessing = 0;
		};
/* End PBXResourcesBuildPhase section */

/* Begin PBXShellScriptBuildPhase section */
		6B2A17328145408012109485 /* [CP] Check Pods Manifest.lock */ = {
			isa = PBXShellScriptBuildPhase;
			buildActionMask = 2147483647;
			files = (
			);
			inputFileListPaths = (
			);
			inputPaths = (
				"${PODS_PODFILE_DIR_PATH}/Podfile.lock",
				"${PODS_ROOT}/Manifest.lock",
			);
			name = "[CP] Check Pods Manifest.lock";
			outputFileListPaths = (
			);
			outputPaths = (
				"$(DERIVED_FILE_DIR)/Pods-OnlineLibrary-checkManifestLockResult.txt",
			);
			runOnlyForDeploymentPostprocessing = 0;
			shellPath = /bin/sh;
			shellScript = "diff \"${PODS_PODFILE_DIR_PATH}/Podfile.lock\" \"${PODS_ROOT}/Manifest.lock\" > /dev/null\nif [ $? != 0 ] ; then\n    # print error to STDERR\n    echo \"error: The sandbox is not in sync with the Podfile.lock. Run 'pod install' or update your CocoaPods installation.\" >&2\n    exit 1\nfi\n# This output is used by Xcode 'outputs' to avoid re-running this script phase.\necho \"SUCCESS\" > \"${SCRIPT_OUTPUT_FILE_0}\"\n";
			showEnvVarsInLog = 0;
		};
		72F1051EFEDBD85CC9044342 /* [CP] Embed Pods Frameworks */ = {
			isa = PBXShellScriptBuildPhase;
			buildActionMask = 2147483647;
			files = (
			);
			inputFileListPaths = (
				"${PODS_ROOT}/Target Support Files/Pods-OnlineLibrary/Pods-OnlineLibrary-frameworks-${CONFIGURATION}-input-files.xcfilelist",
			);
			name = "[CP] Embed Pods Frameworks";
			outputFileListPaths = (
				"${PODS_ROOT}/Target Support Files/Pods-OnlineLibrary/Pods-OnlineLibrary-frameworks-${CONFIGURATION}-output-files.xcfilelist",
			);
			runOnlyForDeploymentPostprocessing = 0;
			shellPath = /bin/sh;
			shellScript = "\"${PODS_ROOT}/Target Support Files/Pods-OnlineLibrary/Pods-OnlineLibrary-frameworks.sh\"\n";
			showEnvVarsInLog = 0;
		};
/* End PBXShellScriptBuildPhase section */

/* Begin PBXSourcesBuildPhase section */
		6A7CAE1D2968758C00F16195 /* Sources */ = {
			isa = PBXSourcesBuildPhase;
			buildActionMask = 2147483647;
			files = (
				6A6CE6792991263400187555 /* FilterByPreferenceViewController.swift in Sources */,
				6AC0FDDC2974195800ABDC5C /* SortedBooksCollectionViewCell.swift in Sources */,
				6A6CE675299119CC00187555 /* Extension+UIViewController.swift in Sources */,
				6A681DA3299A9A9D00507930 /* SendApplicationToBookstoreViewController.swift in Sources */,
				6A166DFA298566D0008634B6 /* Models.swift in Sources */,
				6AA6BC0A29DD9AA200849FC2 /* PhotoViewerViewController.swift in Sources */,
				6A80362529799C5C00FA8160 /* SetLibraryOwnerName.swift in Sources */,
				6AF6ADA72976D9E000F85C53 /* AddBookViewController.swift in Sources */,
				6AC2C03029A0EF4D00CDE9BA /* NetworkMonitor.swift in Sources */,
				6AA6BC0E29DD9E0500849FC2 /* NewConversationTableViewCell.swift in Sources */,
				6AC0FDDE29742DDD00ABDC5C /* BookInfoViewController.swift in Sources */,
				6A681DA6299BEAAE00507930 /* ApplicationViewController.swift in Sources */,
				6A01232229707AC1006B8151 /* Section.swift in Sources */,
				6AA6BC0129DD91E500849FC2 /* ConversationTableViewCell.swift in Sources */,
				6AC0FDDA297418CF00ABDC5C /* SortedBooksInfoViewController.swift in Sources */,
				6AC0FDD62973000700ABDC5C /* UserProfileViewController.swift in Sources */,
				6A5EE6CA299166E400997904 /* Extension+AppDelegate.swift in Sources */,
				6AA6BC0429DD921C00849FC2 /* StorageManager.swift in Sources */,
				6A0D545E296D6A9F0044F0E3 /* SignInViewController.swift in Sources */,
				6A01233229708F89006B8151 /* RecentlyAddedBooksCollectionViewCell.swift in Sources */,
				6AA6BC0829DD99DD00849FC2 /* ChatViewController.swift in Sources */,
				6A7CAE292968758C00F16195 /* ViewController.swift in Sources */,
				6A7CAE252968758C00F16195 /* AppDelegate.swift in Sources */,
				6A6CE6732991005B00187555 /* SortByLocationViewController.swift in Sources */,
				6A93D748296DBEC000EE2763 /* FavouritesViewController.swift in Sources */,
				6AD58E952968B4F0000FF56F /* LibrariesViewController.swift in Sources */,
				6A0123272970808B006B8151 /* RecomendedBooksCollectionViewCell.swift in Sources */,
				6AEBA5082976E381003A2279 /* FilterByViewController.swift in Sources */,
				6A01232B29708447006B8151 /* Book.swift in Sources */,
				6A93D746296DBD7700EE2763 /* Extension+UIApplication.swift in Sources */,
				6A97078A29687EC0001F8629 /* Extension+UIView.swift in Sources */,
				6A01233029708F23006B8151 /* RandomGenreCollectionViewCell.swift in Sources */,
				6A681DA1299A841100507930 /* ApplicationsListViewController.swift in Sources */,
				6AA6BBFE29DD8DCB00849FC2 /* ChatsViewController.swift in Sources */,
				6A01231C29707891006B8151 /* UICollectionViewCell+Extension.swift in Sources */,
				6A16C30C2986A32F006A914F /* Validation.swift in Sources */,
				6A6CE677299124B900187555 /* Extension+String.swift in Sources */,
				6A16C30A2986A163006A914F /* FormatStrings.swift in Sources */,
				6A93D74A296DC0D600EE2763 /* TypesOfBookSortingViewController.swift in Sources */,
				6AC0FDE229744BFB00ABDC5C /* EditLibraryInfoViewController.swift in Sources */,
				6AA6BC0629DD965700849FC2 /* FirebaseManager.swift in Sources */,
				6A8D6D2A297EFB7700E05D39 /* EditUserMainInfoViewController.swift in Sources */,
				6A400D8F29E04017002513CA /* ChatProfileViewController.swift in Sources */,
				6A93D744296DB82800EE2763 /* LibrarySignUpViewController.swift in Sources */,
				6AA6BC0C29DD9DC600849FC2 /* NewConversationViewController.swift in Sources */,
				6A59048B296F1F7500FC3593 /* CollectionViewCell.swift in Sources */,
				6A012329297083CA006B8151 /* Protocols.swift in Sources */,
				6A01232429707C25006B8151 /* SectionHeader.swift in Sources */,
				6A93D742296DA9EA00EE2763 /* UserSignUpViewController.swift in Sources */,
				6A8036272979A29400FA8160 /* AddBookAdditionalInfoViewController.swift in Sources */,
				6A519B8B29699EB60045FB6F /* LibraryViewController.swift in Sources */,
				6A7CAE272968758C00F16195 /* SceneDelegate.swift in Sources */,
				6A01232E297085FA006B8151 /* BooksPresenter.swift in Sources */,
				6A681DA8299CE35400507930 /* FirestoreManager.swift in Sources */,
			);
			runOnlyForDeploymentPostprocessing = 0;
		};
/* End PBXSourcesBuildPhase section */

/* Begin PBXVariantGroup section */
		6A7CAE2A2968758C00F16195 /* Main.storyboard */ = {
			isa = PBXVariantGroup;
			children = (
				6A7CAE2B2968758C00F16195 /* Base */,
			);
			name = Main.storyboard;
			sourceTree = "<group>";
		};
		6A7CAE2F2968758D00F16195 /* LaunchScreen.storyboard */ = {
			isa = PBXVariantGroup;
			children = (
				6A7CAE302968758D00F16195 /* Base */,
			);
			name = LaunchScreen.storyboard;
			sourceTree = "<group>";
		};
/* End PBXVariantGroup section */

/* Begin XCBuildConfiguration section */
		6A7CAE332968758D00F16195 /* Debug */ = {
			isa = XCBuildConfiguration;
			buildSettings = {
				ALWAYS_SEARCH_USER_PATHS = NO;
				CLANG_ANALYZER_NONNULL = YES;
				CLANG_ANALYZER_NUMBER_OBJECT_CONVERSION = YES_AGGRESSIVE;
				CLANG_CXX_LANGUAGE_STANDARD = "gnu++17";
				CLANG_CXX_LIBRARY = "libc++";
				CLANG_ENABLE_MODULES = YES;
				CLANG_ENABLE_OBJC_ARC = YES;
				CLANG_ENABLE_OBJC_WEAK = YES;
				CLANG_WARN_BLOCK_CAPTURE_AUTORELEASING = YES;
				CLANG_WARN_BOOL_CONVERSION = YES;
				CLANG_WARN_COMMA = YES;
				CLANG_WARN_CONSTANT_CONVERSION = YES;
				CLANG_WARN_DEPRECATED_OBJC_IMPLEMENTATIONS = YES;
				CLANG_WARN_DIRECT_OBJC_ISA_USAGE = YES_ERROR;
				CLANG_WARN_DOCUMENTATION_COMMENTS = YES;
				CLANG_WARN_EMPTY_BODY = YES;
				CLANG_WARN_ENUM_CONVERSION = YES;
				CLANG_WARN_INFINITE_RECURSION = YES;
				CLANG_WARN_INT_CONVERSION = YES;
				CLANG_WARN_NON_LITERAL_NULL_CONVERSION = YES;
				CLANG_WARN_OBJC_IMPLICIT_RETAIN_SELF = YES;
				CLANG_WARN_OBJC_LITERAL_CONVERSION = YES;
				CLANG_WARN_OBJC_ROOT_CLASS = YES_ERROR;
				CLANG_WARN_QUOTED_INCLUDE_IN_FRAMEWORK_HEADER = YES;
				CLANG_WARN_RANGE_LOOP_ANALYSIS = YES;
				CLANG_WARN_STRICT_PROTOTYPES = YES;
				CLANG_WARN_SUSPICIOUS_MOVE = YES;
				CLANG_WARN_UNGUARDED_AVAILABILITY = YES_AGGRESSIVE;
				CLANG_WARN_UNREACHABLE_CODE = YES;
				CLANG_WARN__DUPLICATE_METHOD_MATCH = YES;
				COPY_PHASE_STRIP = NO;
				DEBUG_INFORMATION_FORMAT = dwarf;
				ENABLE_STRICT_OBJC_MSGSEND = YES;
				ENABLE_TESTABILITY = YES;
				GCC_C_LANGUAGE_STANDARD = gnu11;
				GCC_DYNAMIC_NO_PIC = NO;
				GCC_NO_COMMON_BLOCKS = YES;
				GCC_OPTIMIZATION_LEVEL = 0;
				GCC_PREPROCESSOR_DEFINITIONS = (
					"DEBUG=1",
					"$(inherited)",
				);
				GCC_WARN_64_TO_32_BIT_CONVERSION = YES;
				GCC_WARN_ABOUT_RETURN_TYPE = YES_ERROR;
				GCC_WARN_UNDECLARED_SELECTOR = YES;
				GCC_WARN_UNINITIALIZED_AUTOS = YES_AGGRESSIVE;
				GCC_WARN_UNUSED_FUNCTION = YES;
				GCC_WARN_UNUSED_VARIABLE = YES;
				IPHONEOS_DEPLOYMENT_TARGET = 15.0;
				MTL_ENABLE_DEBUG_INFO = INCLUDE_SOURCE;
				MTL_FAST_MATH = YES;
				ONLY_ACTIVE_ARCH = YES;
				SDKROOT = iphoneos;
				SWIFT_ACTIVE_COMPILATION_CONDITIONS = DEBUG;
				SWIFT_OPTIMIZATION_LEVEL = "-Onone";
			};
			name = Debug;
		};
		6A7CAE342968758D00F16195 /* Release */ = {
			isa = XCBuildConfiguration;
			buildSettings = {
				ALWAYS_SEARCH_USER_PATHS = NO;
				CLANG_ANALYZER_NONNULL = YES;
				CLANG_ANALYZER_NUMBER_OBJECT_CONVERSION = YES_AGGRESSIVE;
				CLANG_CXX_LANGUAGE_STANDARD = "gnu++17";
				CLANG_CXX_LIBRARY = "libc++";
				CLANG_ENABLE_MODULES = YES;
				CLANG_ENABLE_OBJC_ARC = YES;
				CLANG_ENABLE_OBJC_WEAK = YES;
				CLANG_WARN_BLOCK_CAPTURE_AUTORELEASING = YES;
				CLANG_WARN_BOOL_CONVERSION = YES;
				CLANG_WARN_COMMA = YES;
				CLANG_WARN_CONSTANT_CONVERSION = YES;
				CLANG_WARN_DEPRECATED_OBJC_IMPLEMENTATIONS = YES;
				CLANG_WARN_DIRECT_OBJC_ISA_USAGE = YES_ERROR;
				CLANG_WARN_DOCUMENTATION_COMMENTS = YES;
				CLANG_WARN_EMPTY_BODY = YES;
				CLANG_WARN_ENUM_CONVERSION = YES;
				CLANG_WARN_INFINITE_RECURSION = YES;
				CLANG_WARN_INT_CONVERSION = YES;
				CLANG_WARN_NON_LITERAL_NULL_CONVERSION = YES;
				CLANG_WARN_OBJC_IMPLICIT_RETAIN_SELF = YES;
				CLANG_WARN_OBJC_LITERAL_CONVERSION = YES;
				CLANG_WARN_OBJC_ROOT_CLASS = YES_ERROR;
				CLANG_WARN_QUOTED_INCLUDE_IN_FRAMEWORK_HEADER = YES;
				CLANG_WARN_RANGE_LOOP_ANALYSIS = YES;
				CLANG_WARN_STRICT_PROTOTYPES = YES;
				CLANG_WARN_SUSPICIOUS_MOVE = YES;
				CLANG_WARN_UNGUARDED_AVAILABILITY = YES_AGGRESSIVE;
				CLANG_WARN_UNREACHABLE_CODE = YES;
				CLANG_WARN__DUPLICATE_METHOD_MATCH = YES;
				COPY_PHASE_STRIP = NO;
				DEBUG_INFORMATION_FORMAT = "dwarf-with-dsym";
				ENABLE_NS_ASSERTIONS = NO;
				ENABLE_STRICT_OBJC_MSGSEND = YES;
				GCC_C_LANGUAGE_STANDARD = gnu11;
				GCC_NO_COMMON_BLOCKS = YES;
				GCC_WARN_64_TO_32_BIT_CONVERSION = YES;
				GCC_WARN_ABOUT_RETURN_TYPE = YES_ERROR;
				GCC_WARN_UNDECLARED_SELECTOR = YES;
				GCC_WARN_UNINITIALIZED_AUTOS = YES_AGGRESSIVE;
				GCC_WARN_UNUSED_FUNCTION = YES;
				GCC_WARN_UNUSED_VARIABLE = YES;
				IPHONEOS_DEPLOYMENT_TARGET = 15.0;
				MTL_ENABLE_DEBUG_INFO = NO;
				MTL_FAST_MATH = YES;
				SDKROOT = iphoneos;
				SWIFT_COMPILATION_MODE = wholemodule;
				SWIFT_OPTIMIZATION_LEVEL = "-O";
				VALIDATE_PRODUCT = YES;
			};
			name = Release;
		};
		6A7CAE362968758D00F16195 /* Debug */ = {
			isa = XCBuildConfiguration;
			baseConfigurationReference = 6DA9C3EE0474946B07221CAB /* Pods-OnlineLibrary.debug.xcconfig */;
			buildSettings = {
				ASSETCATALOG_COMPILER_APPICON_NAME = AppIcon;
				ASSETCATALOG_COMPILER_GLOBAL_ACCENT_COLOR_NAME = AccentColor;
				CODE_SIGN_STYLE = Automatic;
				CURRENT_PROJECT_VERSION = 1;
				GENERATE_INFOPLIST_FILE = YES;
				INFOPLIST_FILE = OnlineLibrary/Info.plist;
				INFOPLIST_KEY_UIApplicationSupportsIndirectInputEvents = YES;
				INFOPLIST_KEY_UILaunchStoryboardName = LaunchScreen;
				INFOPLIST_KEY_UIMainStoryboardFile = Main;
				INFOPLIST_KEY_UISupportedInterfaceOrientations_iPad = "UIInterfaceOrientationPortrait UIInterfaceOrientationPortraitUpsideDown UIInterfaceOrientationLandscapeLeft UIInterfaceOrientationLandscapeRight";
				INFOPLIST_KEY_UISupportedInterfaceOrientations_iPhone = "UIInterfaceOrientationPortrait UIInterfaceOrientationLandscapeLeft UIInterfaceOrientationLandscapeRight";
				LD_RUNPATH_SEARCH_PATHS = (
					"$(inherited)",
					"@executable_path/Frameworks",
				);
				MARKETING_VERSION = 1.0;
				PRODUCT_BUNDLE_IDENTIFIER = v.OnlineLibrary;
				PRODUCT_NAME = "$(TARGET_NAME)";
				SWIFT_EMIT_LOC_STRINGS = YES;
				SWIFT_VERSION = 5.0;
				TARGETED_DEVICE_FAMILY = "1,2";
			};
			name = Debug;
		};
		6A7CAE372968758D00F16195 /* Release */ = {
			isa = XCBuildConfiguration;
			baseConfigurationReference = 231DC775932B2BDA1823E335 /* Pods-OnlineLibrary.release.xcconfig */;
			buildSettings = {
				ASSETCATALOG_COMPILER_APPICON_NAME = AppIcon;
				ASSETCATALOG_COMPILER_GLOBAL_ACCENT_COLOR_NAME = AccentColor;
				CODE_SIGN_STYLE = Automatic;
				CURRENT_PROJECT_VERSION = 1;
				GENERATE_INFOPLIST_FILE = YES;
				INFOPLIST_FILE = OnlineLibrary/Info.plist;
				INFOPLIST_KEY_UIApplicationSupportsIndirectInputEvents = YES;
				INFOPLIST_KEY_UILaunchStoryboardName = LaunchScreen;
				INFOPLIST_KEY_UIMainStoryboardFile = Main;
				INFOPLIST_KEY_UISupportedInterfaceOrientations_iPad = "UIInterfaceOrientationPortrait UIInterfaceOrientationPortraitUpsideDown UIInterfaceOrientationLandscapeLeft UIInterfaceOrientationLandscapeRight";
				INFOPLIST_KEY_UISupportedInterfaceOrientations_iPhone = "UIInterfaceOrientationPortrait UIInterfaceOrientationLandscapeLeft UIInterfaceOrientationLandscapeRight";
				LD_RUNPATH_SEARCH_PATHS = (
					"$(inherited)",
					"@executable_path/Frameworks",
				);
				MARKETING_VERSION = 1.0;
				PRODUCT_BUNDLE_IDENTIFIER = v.OnlineLibrary;
				PRODUCT_NAME = "$(TARGET_NAME)";
				SWIFT_EMIT_LOC_STRINGS = YES;
				SWIFT_VERSION = 5.0;
				TARGETED_DEVICE_FAMILY = "1,2";
			};
			name = Release;
		};
/* End XCBuildConfiguration section */

/* Begin XCConfigurationList section */
		6A7CAE1C2968758C00F16195 /* Build configuration list for PBXProject "OnlineLibrary" */ = {
			isa = XCConfigurationList;
			buildConfigurations = (
				6A7CAE332968758D00F16195 /* Debug */,
				6A7CAE342968758D00F16195 /* Release */,
			);
			defaultConfigurationIsVisible = 0;
			defaultConfigurationName = Release;
		};
		6A7CAE352968758D00F16195 /* Build configuration list for PBXNativeTarget "OnlineLibrary" */ = {
			isa = XCConfigurationList;
			buildConfigurations = (
				6A7CAE362968758D00F16195 /* Debug */,
				6A7CAE372968758D00F16195 /* Release */,
			);
			defaultConfigurationIsVisible = 0;
			defaultConfigurationName = Release;
		};
/* End XCConfigurationList section */
	};
	rootObject = 6A7CAE192968758C00F16195 /* Project object */;
}
